
Microsoft Visual Studio Solution File, Format Version 12.00
# Visual Studio Version 17
VisualStudioVersion = 17.10.35013.160
MinimumVisualStudioVersion = 10.0.40219.1
Project("{9A19103F-16F7-4668-BE54-9A1E7A4F7556}") = "ModelValidate.API", "ModelValidate.API\ModelValidate.API.csproj", "{75BD51BE-E149-4468-BE89-F04C05A11A89}"
EndProject
Project("{9A19103F-16F7-4668-BE54-9A1E7A4F7556}") = "ModelValidate.DataAccess", "ModelValidate.DataAccess\ModelValidate.DataAccess.csproj", "{58073035-466E-4A42-B321-7AA07A568079}"
EndProject
Project("{9A19103F-16F7-4668-BE54-9A1E7A4F7556}") = "ModelValidate.BusinessLogic", "ModelValidate.BusinessLogic\ModelValidate.BusinessLogic.csproj", "{27DE0B20-96BA-47BB-898D-B8A7DEBDF729}"
EndProject
Project("{9A19103F-16F7-4668-BE54-9A1E7A4F7556}") = "ModelValidate.Utilities", "ModelValidate.Utilities\ModelValidate.Utilities.csproj", "{88E3F104-2F5B-47D0-A9FE-27369ED6B334}"
EndProject
Project("{FAE04EC0-301F-11D3-BF4B-00C04F79EFBC}") = "ModelValidate.Tests", "ModelValidate.Tests\ModelValidate.Tests.csproj", "{335409E6-0E78-44F4-82AD-65BFCE85FE65}"
EndProject
Global
	GlobalSection(SolutionConfigurationPlatforms) = preSolution
		Debug|Any CPU = Debug|Any CPU
		Release|Any CPU = Release|Any CPU
	EndGlobalSection
	GlobalSection(ProjectConfigurationPlatforms) = postSolution
		{75BD51BE-E149-4468-BE89-F04C05A11A89}.Debug|Any CPU.ActiveCfg = Debug|Any CPU
		{75BD51BE-E149-4468-BE89-F04C05A11A89}.Debug|Any CPU.Build.0 = Debug|Any CPU
		{75BD51BE-E149-4468-BE89-F04C05A11A89}.Release|Any CPU.ActiveCfg = Release|Any CPU
		{75BD51BE-E149-4468-BE89-F04C05A11A89}.Release|Any CPU.Build.0 = Release|Any CPU
		{58073035-466E-4A42-B321-7AA07A568079}.Debug|Any CPU.ActiveCfg = Debug|Any CPU
		{58073035-466E-4A42-B321-7AA07A568079}.Debug|Any CPU.Build.0 = Debug|Any CPU
		{58073035-466E-4A42-B321-7AA07A568079}.Release|Any CPU.ActiveCfg = Release|Any CPU
		{58073035-466E-4A42-B321-7AA07A568079}.Release|Any CPU.Build.0 = Release|Any CPU
		{27DE0B20-96BA-47BB-898D-B8A7DEBDF729}.Debug|Any CPU.ActiveCfg = Debug|Any CPU
		{27DE0B20-96BA-47BB-898D-B8A7DEBDF729}.Debug|Any CPU.Build.0 = Debug|Any CPU
		{27DE0B20-96BA-47BB-898D-B8A7DEBDF729}.Release|Any CPU.ActiveCfg = Release|Any CPU
		{27DE0B20-96BA-47BB-898D-B8A7DEBDF729}.Release|Any CPU.Build.0 = Release|Any CPU
		{88E3F104-2F5B-47D0-A9FE-27369ED6B334}.Debug|Any CPU.ActiveCfg = Debug|Any CPU
		{88E3F104-2F5B-47D0-A9FE-27369ED6B334}.Debug|Any CPU.Build.0 = Debug|Any CPU
		{88E3F104-2F5B-47D0-A9FE-27369ED6B334}.Release|Any CPU.ActiveCfg = Release|Any CPU
		{88E3F104-2F5B-47D0-A9FE-27369ED6B334}.Release|Any CPU.Build.0 = Release|Any CPU
		{335409E6-0E78-44F4-82AD-65BFCE85FE65}.Debug|Any CPU.ActiveCfg = Debug|Any CPU
		{335409E6-0E78-44F4-82AD-65BFCE85FE65}.Debug|Any CPU.Build.0 = Debug|Any CPU
		{335409E6-0E78-44F4-82AD-65BFCE85FE65}.Release|Any CPU.ActiveCfg = Release|Any CPU
		{335409E6-0E78-44F4-82AD-65BFCE85FE65}.Release|Any CPU.Build.0 = Release|Any CPU
	EndGlobalSection
	GlobalSection(SolutionProperties) = preSolution
		HideSolutionNode = FALSE
	EndGlobalSection
	GlobalSection(ExtensibilityGlobals) = postSolution
		SolutionGuid = {3B6AC6FF-1265-4499-BA88-95C2FDA027BC}
	EndGlobalSection
EndGlobal
